
Microsoft Visual Studio Solution File, Format Version 12.00
# Visual Studio Version 17
VisualStudioVersion = 17.6.33829.357
MinimumVisualStudioVersion = 10.0.40219.1
Project("{FAE04EC0-301F-11D3-BF4B-00C04F79EFBC}") = "Exercice41", "Exercice41.csproj", "{1C8049D0-9822-42A7-BC27-D026407D84D1}"
EndProject
Global
	GlobalSection(SolutionConfigurationPlatforms) = preSolution
		Debug|Any CPU = Debug|Any CPU
		Release|Any CPU = Release|Any CPU
	EndGlobalSection
	GlobalSection(ProjectConfigurationPlatforms) = postSolution
		{1C8049D0-9822-42A7-BC27-D026407D84D1}.Debug|Any CPU.ActiveCfg = Debug|Any CPU
		{1C8049D0-9822-42A7-BC27-D026407D84D1}.Debug|Any CPU.Build.0 = Debug|Any CPU
		{1C8049D0-9822-42A7-BC27-D026407D84D1}.Release|Any CPU.ActiveCfg = Release|Any CPU
		{1C8049D0-9822-42A7-BC27-D026407D84D1}.Release|Any CPU.Build.0 = Release|Any CPU
	EndGlobalSection
	GlobalSection(SolutionProperties) = preSolution
		HideSolutionNode = FALSE
	EndGlobalSection
	GlobalSection(ExtensibilityGlobals) = postSolution
		SolutionGuid = {0F967A35-E3F1-41AC-A40E-1E7CAB08CAF6}
	EndGlobalSection
EndGlobal
